
Microsoft Visual Studio Solution File, Format Version 12.00
# Visual Studio Version 17
VisualStudioVersion = 17.5.002.0
MinimumVisualStudioVersion = 10.0.40219.1
Project("{9A19103F-16F7-4668-BE54-9A1E7A4F7556}") = "PC2-BAN", "PC2-BAN.csproj", "{67C248F9-F785-46CE-BB1C-A1131A0D36C9}"
EndProject
Global
	GlobalSection(SolutionConfigurationPlatforms) = preSolution
		Debug|Any CPU = Debug|Any CPU
		Release|Any CPU = Release|Any CPU
	EndGlobalSection
	GlobalSection(ProjectConfigurationPlatforms) = postSolution
		{67C248F9-F785-46CE-BB1C-A1131A0D36C9}.Debug|Any CPU.ActiveCfg = Debug|Any CPU
		{67C248F9-F785-46CE-BB1C-A1131A0D36C9}.Debug|Any CPU.Build.0 = Debug|Any CPU
		{67C248F9-F785-46CE-BB1C-A1131A0D36C9}.Release|Any CPU.ActiveCfg = Release|Any CPU
		{67C248F9-F785-46CE-BB1C-A1131A0D36C9}.Release|Any CPU.Build.0 = Release|Any CPU
	EndGlobalSection
	GlobalSection(SolutionProperties) = preSolution
		HideSolutionNode = FALSE
	EndGlobalSection
	GlobalSection(ExtensibilityGlobals) = postSolution
		SolutionGuid = {CCC080B8-D872-4708-AE23-E9DB97D2CB24}
	EndGlobalSection
EndGlobal
